
Microsoft Visual Studio Solution File, Format Version 12.00
# Visual Studio 15
VisualStudioVersion = 15.0.26730.8
MinimumVisualStudioVersion = 10.0.40219.1
Project("{FAE04EC0-301F-11D3-BF4B-00C04F79EFBC}") = "WindowsFormsApp4", "WindowsFormsApp4\WindowsFormsApp4.csproj", "{25BD5923-57C7-46A1-8940-4D657B651ED2}"
EndProject
Global
	GlobalSection(SolutionConfigurationPlatforms) = preSolution
		Debug|Any CPU = Debug|Any CPU
		Release|Any CPU = Release|Any CPU
	EndGlobalSection
	GlobalSection(ProjectConfigurationPlatforms) = postSolution
		{25BD5923-57C7-46A1-8940-4D657B651ED2}.Debug|Any CPU.ActiveCfg = Debug|Any CPU
		{25BD5923-57C7-46A1-8940-4D657B651ED2}.Debug|Any CPU.Build.0 = Debug|Any CPU
		{25BD5923-57C7-46A1-8940-4D657B651ED2}.Release|Any CPU.ActiveCfg = Release|Any CPU
		{25BD5923-57C7-46A1-8940-4D657B651ED2}.Release|Any CPU.Build.0 = Release|Any CPU
	EndGlobalSection
	GlobalSection(SolutionProperties) = preSolution
		HideSolutionNode = FALSE
	EndGlobalSection
	GlobalSection(ExtensibilityGlobals) = postSolution
		SolutionGuid = {E8CF1D67-4346-4AF9-AE4E-B748972154EE}
	EndGlobalSection
EndGlobal
